
Microsoft Visual Studio Solution File, Format Version 12.00
# Visual Studio Version 17
VisualStudioVersion = 17.11.35327.3
MinimumVisualStudioVersion = 10.0.40219.1
Project("{9A19103F-16F7-4668-BE54-9A1E7A4F7556}") = "CozyHavenStay", "CozyHavenStay.csproj", "{B0306EFA-E13F-4FCB-AAAF-00AFEC756A4A}"
EndProject
Project("{9A19103F-16F7-4668-BE54-9A1E7A4F7556}") = "CozyHavenStayTest", "..\CozyHavenStayTest\CozyHavenStayTest.csproj", "{24F066EC-5455-4821-B1D0-83B6CA7A9876}"
EndProject
Global
	GlobalSection(SolutionConfigurationPlatforms) = preSolution
		Debug|Any CPU = Debug|Any CPU
		Release|Any CPU = Release|Any CPU
	EndGlobalSection
	GlobalSection(ProjectConfigurationPlatforms) = postSolution
		{B0306EFA-E13F-4FCB-AAAF-00AFEC756A4A}.Debug|Any CPU.ActiveCfg = Debug|Any CPU
		{B0306EFA-E13F-4FCB-AAAF-00AFEC756A4A}.Debug|Any CPU.Build.0 = Debug|Any CPU
		{B0306EFA-E13F-4FCB-AAAF-00AFEC756A4A}.Release|Any CPU.ActiveCfg = Release|Any CPU
		{B0306EFA-E13F-4FCB-AAAF-00AFEC756A4A}.Release|Any CPU.Build.0 = Release|Any CPU
		{24F066EC-5455-4821-B1D0-83B6CA7A9876}.Debug|Any CPU.ActiveCfg = Debug|Any CPU
		{24F066EC-5455-4821-B1D0-83B6CA7A9876}.Debug|Any CPU.Build.0 = Debug|Any CPU
		{24F066EC-5455-4821-B1D0-83B6CA7A9876}.Release|Any CPU.ActiveCfg = Release|Any CPU
		{24F066EC-5455-4821-B1D0-83B6CA7A9876}.Release|Any CPU.Build.0 = Release|Any CPU
	EndGlobalSection
	GlobalSection(SolutionProperties) = preSolution
		HideSolutionNode = FALSE
	EndGlobalSection
	GlobalSection(ExtensibilityGlobals) = postSolution
		SolutionGuid = {A65E1545-24DD-4104-A4EA-6BAB519FDBD5}
	EndGlobalSection
EndGlobal
